
Microsoft Visual Studio Solution File, Format Version 12.00
# Visual Studio Version 17
VisualStudioVersion = 17.9.34701.34
MinimumVisualStudioVersion = 10.0.40219.1
Project("{9A19103F-16F7-4668-BE54-9A1E7A4F7556}") = "ConsoleApp", "ConsoleApp\ConsoleApp.csproj", "{3A3BA322-73EF-45A6-A43E-D6AE0117D6F5}"
EndProject
Project("{9A19103F-16F7-4668-BE54-9A1E7A4F7556}") = "SKLib", "SKApps\SKLib.csproj", "{E8237A91-6EEF-48AB-B570-B9D87ECC9EA8}"
EndProject
Global
	GlobalSection(SolutionConfigurationPlatforms) = preSolution
		Debug|Any CPU = Debug|Any CPU
		Release|Any CPU = Release|Any CPU
	EndGlobalSection
	GlobalSection(ProjectConfigurationPlatforms) = postSolution
		{3A3BA322-73EF-45A6-A43E-D6AE0117D6F5}.Debug|Any CPU.ActiveCfg = Debug|Any CPU
		{3A3BA322-73EF-45A6-A43E-D6AE0117D6F5}.Debug|Any CPU.Build.0 = Debug|Any CPU
		{3A3BA322-73EF-45A6-A43E-D6AE0117D6F5}.Release|Any CPU.ActiveCfg = Release|Any CPU
		{3A3BA322-73EF-45A6-A43E-D6AE0117D6F5}.Release|Any CPU.Build.0 = Release|Any CPU
		{E8237A91-6EEF-48AB-B570-B9D87ECC9EA8}.Debug|Any CPU.ActiveCfg = Debug|Any CPU
		{E8237A91-6EEF-48AB-B570-B9D87ECC9EA8}.Debug|Any CPU.Build.0 = Debug|Any CPU
		{E8237A91-6EEF-48AB-B570-B9D87ECC9EA8}.Release|Any CPU.ActiveCfg = Release|Any CPU
		{E8237A91-6EEF-48AB-B570-B9D87ECC9EA8}.Release|Any CPU.Build.0 = Release|Any CPU
	EndGlobalSection
	GlobalSection(SolutionProperties) = preSolution
		HideSolutionNode = FALSE
	EndGlobalSection
	GlobalSection(ExtensibilityGlobals) = postSolution
		SolutionGuid = {0ABF06B5-82AA-478F-B247-41EF969F2137}
	EndGlobalSection
EndGlobal
