
Microsoft Visual Studio Solution File, Format Version 12.00
# Visual Studio Version 17
VisualStudioVersion = 17.7.34302.85
MinimumVisualStudioVersion = 10.0.40219.1
Project("{FAE04EC0-301F-11D3-BF4B-00C04F79EFBC}") = "ContentSafety", "ContentSafety\ContentSafety.csproj", "{882B626E-FF50-4D70-9277-A24BE433AFED}"
EndProject
Global
	GlobalSection(SolutionConfigurationPlatforms) = preSolution
		Debug|Any CPU = Debug|Any CPU
		Release|Any CPU = Release|Any CPU
	EndGlobalSection
	GlobalSection(ProjectConfigurationPlatforms) = postSolution
		{882B626E-FF50-4D70-9277-A24BE433AFED}.Debug|Any CPU.ActiveCfg = Debug|Any CPU
		{882B626E-FF50-4D70-9277-A24BE433AFED}.Debug|Any CPU.Build.0 = Debug|Any CPU
		{882B626E-FF50-4D70-9277-A24BE433AFED}.Release|Any CPU.ActiveCfg = Release|Any CPU
		{882B626E-FF50-4D70-9277-A24BE433AFED}.Release|Any CPU.Build.0 = Release|Any CPU
	EndGlobalSection
	GlobalSection(SolutionProperties) = preSolution
		HideSolutionNode = FALSE
	EndGlobalSection
	GlobalSection(ExtensibilityGlobals) = postSolution
		SolutionGuid = {169DC90B-6557-4372-AE2E-4D2C7784D3CC}
	EndGlobalSection
EndGlobal
