
Microsoft Visual Studio Solution File, Format Version 12.00
# Visual Studio Version 17
VisualStudioVersion = 17.11.35303.130
MinimumVisualStudioVersion = 10.0.40219.1
Project("{9A19103F-16F7-4668-BE54-9A1E7A4F7556}") = "AgentSamples", "AgentSamples.csproj", "{EA822237-79E0-4C57-9463-33AE8DEC9A2F}"
EndProject
Global
	GlobalSection(SolutionConfigurationPlatforms) = preSolution
		Debug|Any CPU = Debug|Any CPU
		Release|Any CPU = Release|Any CPU
	EndGlobalSection
	GlobalSection(ProjectConfigurationPlatforms) = postSolution
		{EA822237-79E0-4C57-9463-33AE8DEC9A2F}.Debug|Any CPU.ActiveCfg = Debug|Any CPU
		{EA822237-79E0-4C57-9463-33AE8DEC9A2F}.Debug|Any CPU.Build.0 = Debug|Any CPU
		{EA822237-79E0-4C57-9463-33AE8DEC9A2F}.Release|Any CPU.ActiveCfg = Release|Any CPU
		{EA822237-79E0-4C57-9463-33AE8DEC9A2F}.Release|Any CPU.Build.0 = Release|Any CPU
	EndGlobalSection
	GlobalSection(SolutionProperties) = preSolution
		HideSolutionNode = FALSE
	EndGlobalSection
	GlobalSection(ExtensibilityGlobals) = postSolution
		SolutionGuid = {2AD8FDED-4A4E-4A9B-8DA0-76D29ADA9FFA}
	EndGlobalSection
EndGlobal
